
Microsoft Visual Studio Solution File, Format Version 12.00
# Visual Studio 2013
VisualStudioVersion = 12.0.40629.0
MinimumVisualStudioVersion = 10.0.40219.1
Project("{FAE04EC0-301F-11D3-BF4B-00C04F79EFBC}") = "Fast Koala", "Fast Koala\Fast Koala.csproj", "{DA5E3103-73B9-4985-8097-1A4E56C8128E}"
EndProject
Project("{2150E333-8FDC-42A3-9474-1A3956D46DE8}") = "Solution Items", "Solution Items", "{B06ED572-501E-47BE-8A0B-70480372DDD8}"
	ProjectSection(SolutionItems) = preProject
		README.md = README.md
	EndProjectSection
EndProject
Global
	GlobalSection(SolutionConfigurationPlatforms) = preSolution
		Debug - VS2013|Any CPU = Debug - VS2013|Any CPU
		Debug - VS2015|Any CPU = Debug - VS2015|Any CPU
		Release|Any CPU = Release|Any CPU
	EndGlobalSection
	GlobalSection(ProjectConfigurationPlatforms) = postSolution
		{DA5E3103-73B9-4985-8097-1A4E56C8128E}.Debug - VS2013|Any CPU.ActiveCfg = Debug - VS2013|Any CPU
		{DA5E3103-73B9-4985-8097-1A4E56C8128E}.Debug - VS2013|Any CPU.Build.0 = Debug - VS2013|Any CPU
		{DA5E3103-73B9-4985-8097-1A4E56C8128E}.Debug - VS2015|Any CPU.ActiveCfg = Debug - VS2015|Any CPU
		{DA5E3103-73B9-4985-8097-1A4E56C8128E}.Debug - VS2015|Any CPU.Build.0 = Debug - VS2015|Any CPU
		{DA5E3103-73B9-4985-8097-1A4E56C8128E}.Release|Any CPU.ActiveCfg = Release|Any CPU
		{DA5E3103-73B9-4985-8097-1A4E56C8128E}.Release|Any CPU.Build.0 = Release|Any CPU
	EndGlobalSection
	GlobalSection(SolutionProperties) = preSolution
		HideSolutionNode = FALSE
	EndGlobalSection
	GlobalSection(ExtensibilityGlobals) = postSolution
		EnterpriseLibraryConfigurationToolBinariesPathV6 = packages\EnterpriseLibrary.TransientFaultHandling.6.0.1304.0\lib\portable-net45+win+wp8;packages\EnterpriseLibrary.TransientFaultHandling.Data.6.0.1304.1\lib\NET45
	EndGlobalSection
EndGlobal
